
Microsoft Visual Studio Solution File, Format Version 12.00
# Visual Studio Version 17
VisualStudioVersion = 17.2.32616.157
MinimumVisualStudioVersion = 10.0.40219.1
Project("{FAE04EC0-301F-11D3-BF4B-00C04F79EFBC}") = "Battle_ships", "Battle_ships\Battle_ships.csproj", "{564FB31C-C2AF-4092-89D4-778C883DE784}"
EndProject
Global
	GlobalSection(SolutionConfigurationPlatforms) = preSolution
		Debug|Any CPU = Debug|Any CPU
		Release|Any CPU = Release|Any CPU
	EndGlobalSection
	GlobalSection(ProjectConfigurationPlatforms) = postSolution
		{564FB31C-C2AF-4092-89D4-778C883DE784}.Debug|Any CPU.ActiveCfg = Debug|Any CPU
		{564FB31C-C2AF-4092-89D4-778C883DE784}.Debug|Any CPU.Build.0 = Debug|Any CPU
		{564FB31C-C2AF-4092-89D4-778C883DE784}.Release|Any CPU.ActiveCfg = Release|Any CPU
		{564FB31C-C2AF-4092-89D4-778C883DE784}.Release|Any CPU.Build.0 = Release|Any CPU
	EndGlobalSection
	GlobalSection(SolutionProperties) = preSolution
		HideSolutionNode = FALSE
	EndGlobalSection
	GlobalSection(ExtensibilityGlobals) = postSolution
		SolutionGuid = {B0C2133C-BEE3-48C5-AB76-E1CFAFA35C74}
	EndGlobalSection
EndGlobal
